
Microsoft Visual Studio Solution File, Format Version 12.00
# Visual Studio Version 16
VisualStudioVersion = 16.0.29324.140
MinimumVisualStudioVersion = 10.0.40219.1
Project("{9A19103F-16F7-4668-BE54-9A1E7A4F7556}") = "Acaddemicts.EF", "Acaddemicts.EF\Acaddemicts.EF.csproj", "{50EE5B53-591D-4A7D-A7DA-0F595A34A851}"
EndProject
Project("{9A19103F-16F7-4668-BE54-9A1E7A4F7556}") = "Acaddemicts.EF.Model", "Acaddemicts.EF.Model\Acaddemicts.EF.Model.csproj", "{56016304-FF48-4E3C-A53D-6B5580C8DFDC}"
EndProject
Global
	GlobalSection(SolutionConfigurationPlatforms) = preSolution
		Debug|Any CPU = Debug|Any CPU
		Release|Any CPU = Release|Any CPU
	EndGlobalSection
	GlobalSection(ProjectConfigurationPlatforms) = postSolution
		{50EE5B53-591D-4A7D-A7DA-0F595A34A851}.Debug|Any CPU.ActiveCfg = Debug|Any CPU
		{50EE5B53-591D-4A7D-A7DA-0F595A34A851}.Debug|Any CPU.Build.0 = Debug|Any CPU
		{50EE5B53-591D-4A7D-A7DA-0F595A34A851}.Release|Any CPU.ActiveCfg = Release|Any CPU
		{50EE5B53-591D-4A7D-A7DA-0F595A34A851}.Release|Any CPU.Build.0 = Release|Any CPU
		{56016304-FF48-4E3C-A53D-6B5580C8DFDC}.Debug|Any CPU.ActiveCfg = Debug|Any CPU
		{56016304-FF48-4E3C-A53D-6B5580C8DFDC}.Debug|Any CPU.Build.0 = Debug|Any CPU
		{56016304-FF48-4E3C-A53D-6B5580C8DFDC}.Release|Any CPU.ActiveCfg = Release|Any CPU
		{56016304-FF48-4E3C-A53D-6B5580C8DFDC}.Release|Any CPU.Build.0 = Release|Any CPU
	EndGlobalSection
	GlobalSection(SolutionProperties) = preSolution
		HideSolutionNode = FALSE
	EndGlobalSection
	GlobalSection(ExtensibilityGlobals) = postSolution
		SolutionGuid = {B65BF4CB-045E-40C1-8ECB-798B8B5377E4}
	EndGlobalSection
EndGlobal
